
Microsoft Visual Studio Solution File, Format Version 12.00
# Visual Studio Version 17
VisualStudioVersion = 17.0.31903.59
MinimumVisualStudioVersion = 10.0.40219.1
Project("{FAE04EC0-301F-11D3-BF4B-00C04F79EFBC}") = "VoicepeakProxyCore", "VoicepeakProxyCore.csproj", "{18CDD6F3-4165-4B6C-8E06-6329AE287AC1}"
EndProject
Project("{2150E333-8FDC-42A3-9474-1A3956D46DE8}") = "tests", "tests", "{463D0F08-5DD8-C769-3205-FDA43DB3A7BB}"
EndProject
Project("{FAE04EC0-301F-11D3-BF4B-00C04F79EFBC}") = "VoicepeakProxyCore.ManualTests", "tests\manual\VoicepeakProxyCore.ManualTests.csproj", "{012E17C6-955C-42FD-B476-600A26E3307B}"
EndProject
Global
	GlobalSection(SolutionConfigurationPlatforms) = preSolution
		Debug|Any CPU = Debug|Any CPU
		Debug|x64 = Debug|x64
		Debug|x86 = Debug|x86
		Release|Any CPU = Release|Any CPU
		Release|x64 = Release|x64
		Release|x86 = Release|x86
	EndGlobalSection
	GlobalSection(ProjectConfigurationPlatforms) = postSolution
		{18CDD6F3-4165-4B6C-8E06-6329AE287AC1}.Debug|Any CPU.ActiveCfg = Debug|Any CPU
		{18CDD6F3-4165-4B6C-8E06-6329AE287AC1}.Debug|Any CPU.Build.0 = Debug|Any CPU
		{18CDD6F3-4165-4B6C-8E06-6329AE287AC1}.Debug|x64.ActiveCfg = Debug|Any CPU
		{18CDD6F3-4165-4B6C-8E06-6329AE287AC1}.Debug|x64.Build.0 = Debug|Any CPU
		{18CDD6F3-4165-4B6C-8E06-6329AE287AC1}.Debug|x86.ActiveCfg = Debug|Any CPU
		{18CDD6F3-4165-4B6C-8E06-6329AE287AC1}.Debug|x86.Build.0 = Debug|Any CPU
		{18CDD6F3-4165-4B6C-8E06-6329AE287AC1}.Release|Any CPU.ActiveCfg = Release|Any CPU
		{18CDD6F3-4165-4B6C-8E06-6329AE287AC1}.Release|Any CPU.Build.0 = Release|Any CPU
		{18CDD6F3-4165-4B6C-8E06-6329AE287AC1}.Release|x64.ActiveCfg = Release|Any CPU
		{18CDD6F3-4165-4B6C-8E06-6329AE287AC1}.Release|x64.Build.0 = Release|Any CPU
		{18CDD6F3-4165-4B6C-8E06-6329AE287AC1}.Release|x86.ActiveCfg = Release|Any CPU
		{18CDD6F3-4165-4B6C-8E06-6329AE287AC1}.Release|x86.Build.0 = Release|Any CPU
		{012E17C6-955C-42FD-B476-600A26E3307B}.Debug|Any CPU.ActiveCfg = Debug|Any CPU
		{012E17C6-955C-42FD-B476-600A26E3307B}.Debug|Any CPU.Build.0 = Debug|Any CPU
		{012E17C6-955C-42FD-B476-600A26E3307B}.Debug|x64.ActiveCfg = Debug|Any CPU
		{012E17C6-955C-42FD-B476-600A26E3307B}.Debug|x64.Build.0 = Debug|Any CPU
		{012E17C6-955C-42FD-B476-600A26E3307B}.Debug|x86.ActiveCfg = Debug|Any CPU
		{012E17C6-955C-42FD-B476-600A26E3307B}.Debug|x86.Build.0 = Debug|Any CPU
		{012E17C6-955C-42FD-B476-600A26E3307B}.Release|Any CPU.ActiveCfg = Release|Any CPU
		{012E17C6-955C-42FD-B476-600A26E3307B}.Release|Any CPU.Build.0 = Release|Any CPU
		{012E17C6-955C-42FD-B476-600A26E3307B}.Release|x64.ActiveCfg = Release|Any CPU
		{012E17C6-955C-42FD-B476-600A26E3307B}.Release|x64.Build.0 = Release|Any CPU
		{012E17C6-955C-42FD-B476-600A26E3307B}.Release|x86.ActiveCfg = Release|Any CPU
		{012E17C6-955C-42FD-B476-600A26E3307B}.Release|x86.Build.0 = Release|Any CPU
	EndGlobalSection
	GlobalSection(SolutionProperties) = preSolution
		HideSolutionNode = FALSE
	EndGlobalSection
	GlobalSection(NestedProjects) = preSolution
		{012E17C6-955C-42FD-B476-600A26E3307B} = {463D0F08-5DD8-C769-3205-FDA43DB3A7BB}
	EndGlobalSection
EndGlobal
